
Microsoft Visual Studio Solution File, Format Version 12.00
# Visual Studio Version 17
VisualStudioVersion = 17.0.32112.339
MinimumVisualStudioVersion = 10.0.40219.1
Project("{FAE04EC0-301F-11D3-BF4B-00C04F79EFBC}") = "Permission_Api", "Permission_Api.csproj", "{5B350D56-C094-4637-B82B-B45F5FD6E7EB}"
EndProject
Global
	GlobalSection(SolutionConfigurationPlatforms) = preSolution
		Debug|Any CPU = Debug|Any CPU
		Release|Any CPU = Release|Any CPU
	EndGlobalSection
	GlobalSection(ProjectConfigurationPlatforms) = postSolution
		{5B350D56-C094-4637-B82B-B45F5FD6E7EB}.Debug|Any CPU.ActiveCfg = Debug|Any CPU
		{5B350D56-C094-4637-B82B-B45F5FD6E7EB}.Debug|Any CPU.Build.0 = Debug|Any CPU
		{5B350D56-C094-4637-B82B-B45F5FD6E7EB}.Debug|Any CPU.Deploy.0 = Debug|Any CPU
		{5B350D56-C094-4637-B82B-B45F5FD6E7EB}.Release|Any CPU.ActiveCfg = Release|Any CPU
		{5B350D56-C094-4637-B82B-B45F5FD6E7EB}.Release|Any CPU.Build.0 = Release|Any CPU
		{5B350D56-C094-4637-B82B-B45F5FD6E7EB}.Release|Any CPU.Deploy.0 = Release|Any CPU
	EndGlobalSection
	GlobalSection(SolutionProperties) = preSolution
		HideSolutionNode = FALSE
	EndGlobalSection
	GlobalSection(ExtensibilityGlobals) = postSolution
		SolutionGuid = {6CD59834-68F0-4576-BBE2-C42C44F02EAA}
	EndGlobalSection
EndGlobal
